
Microsoft Visual Studio Solution File, Format Version 12.00
# Visual Studio Version 17
VisualStudioVersion = 17.4.33213.308
MinimumVisualStudioVersion = 10.0.40219.1
Project("{9A19103F-16F7-4668-BE54-9A1E7A4F7556}") = "Alliance", "Alliance\Alliance.csproj", "{F2BFD4A7-D149-4C2D-A0D5-BA51F5C1BF68}"
EndProject
Project("{9A19103F-16F7-4668-BE54-9A1E7A4F7556}") = "AdminApi", "AdminApi\AdminApi.csproj", "{A80EBE68-D8A7-48DE-BDF3-13CCB7695F4D}"
EndProject
Project("{9A19103F-16F7-4668-BE54-9A1E7A4F7556}") = "AdminClient", "AdminClient\AdminClient.csproj", "{4BD7DA3C-6C1D-4409-A739-8A68FF9C10B2}"
EndProject
Global
	GlobalSection(SolutionConfigurationPlatforms) = preSolution
		Debug|Any CPU = Debug|Any CPU
		Release|Any CPU = Release|Any CPU
	EndGlobalSection
	GlobalSection(ProjectConfigurationPlatforms) = postSolution
		{F2BFD4A7-D149-4C2D-A0D5-BA51F5C1BF68}.Debug|Any CPU.ActiveCfg = Debug|Any CPU
		{F2BFD4A7-D149-4C2D-A0D5-BA51F5C1BF68}.Debug|Any CPU.Build.0 = Debug|Any CPU
		{F2BFD4A7-D149-4C2D-A0D5-BA51F5C1BF68}.Release|Any CPU.ActiveCfg = Release|Any CPU
		{F2BFD4A7-D149-4C2D-A0D5-BA51F5C1BF68}.Release|Any CPU.Build.0 = Release|Any CPU
		{A80EBE68-D8A7-48DE-BDF3-13CCB7695F4D}.Debug|Any CPU.ActiveCfg = Debug|Any CPU
		{A80EBE68-D8A7-48DE-BDF3-13CCB7695F4D}.Debug|Any CPU.Build.0 = Debug|Any CPU
		{A80EBE68-D8A7-48DE-BDF3-13CCB7695F4D}.Release|Any CPU.ActiveCfg = Release|Any CPU
		{A80EBE68-D8A7-48DE-BDF3-13CCB7695F4D}.Release|Any CPU.Build.0 = Release|Any CPU
		{4BD7DA3C-6C1D-4409-A739-8A68FF9C10B2}.Debug|Any CPU.ActiveCfg = Debug|Any CPU
		{4BD7DA3C-6C1D-4409-A739-8A68FF9C10B2}.Debug|Any CPU.Build.0 = Debug|Any CPU
		{4BD7DA3C-6C1D-4409-A739-8A68FF9C10B2}.Release|Any CPU.ActiveCfg = Release|Any CPU
		{4BD7DA3C-6C1D-4409-A739-8A68FF9C10B2}.Release|Any CPU.Build.0 = Release|Any CPU
	EndGlobalSection
	GlobalSection(SolutionProperties) = preSolution
		HideSolutionNode = FALSE
	EndGlobalSection
	GlobalSection(ExtensibilityGlobals) = postSolution
		SolutionGuid = {EBBBFB27-01D7-4417-9C45-4DC8435E9EB0}
	EndGlobalSection
EndGlobal
